
Microsoft Visual Studio Solution File, Format Version 12.00
# Visual Studio Version 16
VisualStudioVersion = 16.0.28922.388
MinimumVisualStudioVersion = 10.0.40219.1
Project("{FAE04EC0-301F-11D3-BF4B-00C04F79EFBC}") = "PowerShellHelper", "PowerShellHelper\PowerShellHelper.csproj", "{834EFF0A-C7CD-4932-9F2C-20EE01C65F8E}"
EndProject
Global
	GlobalSection(SolutionConfigurationPlatforms) = preSolution
		Debug|Any CPU = Debug|Any CPU
		Release|Any CPU = Release|Any CPU
	EndGlobalSection
	GlobalSection(ProjectConfigurationPlatforms) = postSolution
		{834EFF0A-C7CD-4932-9F2C-20EE01C65F8E}.Debug|Any CPU.ActiveCfg = Debug|Any CPU
		{834EFF0A-C7CD-4932-9F2C-20EE01C65F8E}.Debug|Any CPU.Build.0 = Debug|Any CPU
		{834EFF0A-C7CD-4932-9F2C-20EE01C65F8E}.Release|Any CPU.ActiveCfg = Release|Any CPU
		{834EFF0A-C7CD-4932-9F2C-20EE01C65F8E}.Release|Any CPU.Build.0 = Release|Any CPU
	EndGlobalSection
	GlobalSection(SolutionProperties) = preSolution
		HideSolutionNode = FALSE
	EndGlobalSection
	GlobalSection(ExtensibilityGlobals) = postSolution
		SolutionGuid = {986FD57F-4A08-4941-A58F-3C0E53AA4F4C}
	EndGlobalSection
EndGlobal
